
Microsoft Visual Studio Solution File, Format Version 12.00
# Visual Studio Version 16
VisualStudioVersion = 16.0.28803.352
MinimumVisualStudioVersion = 10.0.40219.1
Project("{9A19103F-16F7-4668-BE54-9A1E7A4F7556}") = "Website", "Website\Website.csproj", "{B3375934-F0A4-4568-99EB-92F7C0F9D45D}"
EndProject
Project("{9A19103F-16F7-4668-BE54-9A1E7A4F7556}") = "TicketLibrary", "TicketLibrary\TicketLibrary.csproj", "{09804951-7F44-4CF3-8FEA-5CC79D2879EE}"
EndProject
Global
	GlobalSection(SolutionConfigurationPlatforms) = preSolution
		Debug|Any CPU = Debug|Any CPU
		Release|Any CPU = Release|Any CPU
	EndGlobalSection
	GlobalSection(ProjectConfigurationPlatforms) = postSolution
		{B3375934-F0A4-4568-99EB-92F7C0F9D45D}.Debug|Any CPU.ActiveCfg = Debug|Any CPU
		{B3375934-F0A4-4568-99EB-92F7C0F9D45D}.Debug|Any CPU.Build.0 = Debug|Any CPU
		{B3375934-F0A4-4568-99EB-92F7C0F9D45D}.Release|Any CPU.ActiveCfg = Release|Any CPU
		{B3375934-F0A4-4568-99EB-92F7C0F9D45D}.Release|Any CPU.Build.0 = Release|Any CPU
		{09804951-7F44-4CF3-8FEA-5CC79D2879EE}.Debug|Any CPU.ActiveCfg = Debug|Any CPU
		{09804951-7F44-4CF3-8FEA-5CC79D2879EE}.Debug|Any CPU.Build.0 = Debug|Any CPU
		{09804951-7F44-4CF3-8FEA-5CC79D2879EE}.Release|Any CPU.ActiveCfg = Release|Any CPU
		{09804951-7F44-4CF3-8FEA-5CC79D2879EE}.Release|Any CPU.Build.0 = Release|Any CPU
	EndGlobalSection
	GlobalSection(SolutionProperties) = preSolution
		HideSolutionNode = FALSE
	EndGlobalSection
	GlobalSection(ExtensibilityGlobals) = postSolution
		SolutionGuid = {14B943DE-D27F-4FA4-AC1D-6B3A55E84984}
	EndGlobalSection
EndGlobal
